
Microsoft Visual Studio Solution File, Format Version 12.00
# Visual Studio Version 17
VisualStudioVersion = 17.11.35222.181
MinimumVisualStudioVersion = 10.0.40219.1
Project("{9A19103F-16F7-4668-BE54-9A1E7A4F7556}") = "01_intro", "01_intro\01_intro.csproj", "{F2E75659-8DC3-41B6-8E84-02FF968C7D5D}"
EndProject
Project("{9A19103F-16F7-4668-BE54-9A1E7A4F7556}") = "02_Array", "02_Array\02_Array.csproj", "{3B6BFD37-2BF0-47F4-9D51-E5F6D191C9AE}"
EndProject
Project("{9A19103F-16F7-4668-BE54-9A1E7A4F7556}") = "01_dz", "01_dz\01_dz.csproj", "{CC732B96-4FC2-4630-BB6C-7E2A183EE89E}"
EndProject
Project("{9A19103F-16F7-4668-BE54-9A1E7A4F7556}") = "03_multy_Array", "03_multy_Array\03_multy_Array.csproj", "{6BD95130-9096-4752-9D0B-611387DA94A5}"
EndProject
Project("{9A19103F-16F7-4668-BE54-9A1E7A4F7556}") = "04_string", "04_string\04_string.csproj", "{4D56BD95-BB9B-484E-B28D-3588EC1205FA}"
EndProject
Project("{9A19103F-16F7-4668-BE54-9A1E7A4F7556}") = "02_Ararray_dz", "02_Ararray_dz\02_Ararray_dz.csproj", "{193D407B-5FFB-4B78-B4C0-EDBF7DFC0712}"
EndProject
Project("{9A19103F-16F7-4668-BE54-9A1E7A4F7556}") = "05_Class", "05_Class\05_Class.csproj", "{C7A9FEBB-7291-4BAA-8AA6-C6C121C4382A}"
EndProject
Project("{9A19103F-16F7-4668-BE54-9A1E7A4F7556}") = "03_dz", "03_dz\03_dz.csproj", "{4B7D03A4-90D9-4010-A5F4-5E1D51155B57}"
EndProject
Project("{9A19103F-16F7-4668-BE54-9A1E7A4F7556}") = "06_overload operators", "06_overload operators\06_overload operators.csproj", "{B247A9B9-9903-4411-965B-F33FF23A329B}"
EndProject
Project("{9A19103F-16F7-4668-BE54-9A1E7A4F7556}") = "06_operatorDZ", "06_operatorDZ\06_operatorDZ.csproj", "{A6AD1C52-AFE6-49FF-8AAB-1E6E2949D3D9}"
EndProject
Project("{9A19103F-16F7-4668-BE54-9A1E7A4F7556}") = "05_dz_class", "05_dz_class\05_dz_class.csproj", "{F2BBE5D6-B7A2-4A26-80E8-D3E2B43BB140}"
EndProject
Project("{9A19103F-16F7-4668-BE54-9A1E7A4F7556}") = "07_exeption", "07_exeption\07_exeption.csproj", "{24165AA1-41BB-4EFF-9D30-8334A5DF701C}"
EndProject
Project("{9A19103F-16F7-4668-BE54-9A1E7A4F7556}") = "07_exception_dz", "07_exception_dz\07_exception_dz.csproj", "{0D8AE00D-E2C9-453A-B497-950D45414301}"
EndProject
Project("{FAE04EC0-301F-11D3-BF4B-00C04F79EFBC}") = "08_Inheritance", "08_Inheritance\08_Inheritance.csproj", "{CBB747AA-0A37-46EB-AF1F-0AE0AE77DE95}"
EndProject
Project("{FAE04EC0-301F-11D3-BF4B-00C04F79EFBC}") = "08_interclass", "08_interclass\08_interclass.csproj", "{B27CC116-FB71-4CD1-A2CE-B612567E9ADC}"
EndProject
Global
	GlobalSection(SolutionConfigurationPlatforms) = preSolution
		Debug|Any CPU = Debug|Any CPU
		Release|Any CPU = Release|Any CPU
	EndGlobalSection
	GlobalSection(ProjectConfigurationPlatforms) = postSolution
		{F2E75659-8DC3-41B6-8E84-02FF968C7D5D}.Debug|Any CPU.ActiveCfg = Debug|Any CPU
		{F2E75659-8DC3-41B6-8E84-02FF968C7D5D}.Debug|Any CPU.Build.0 = Debug|Any CPU
		{F2E75659-8DC3-41B6-8E84-02FF968C7D5D}.Release|Any CPU.ActiveCfg = Release|Any CPU
		{F2E75659-8DC3-41B6-8E84-02FF968C7D5D}.Release|Any CPU.Build.0 = Release|Any CPU
		{3B6BFD37-2BF0-47F4-9D51-E5F6D191C9AE}.Debug|Any CPU.ActiveCfg = Debug|Any CPU
		{3B6BFD37-2BF0-47F4-9D51-E5F6D191C9AE}.Debug|Any CPU.Build.0 = Debug|Any CPU
		{3B6BFD37-2BF0-47F4-9D51-E5F6D191C9AE}.Release|Any CPU.ActiveCfg = Release|Any CPU
		{3B6BFD37-2BF0-47F4-9D51-E5F6D191C9AE}.Release|Any CPU.Build.0 = Release|Any CPU
		{CC732B96-4FC2-4630-BB6C-7E2A183EE89E}.Debug|Any CPU.ActiveCfg = Debug|Any CPU
		{CC732B96-4FC2-4630-BB6C-7E2A183EE89E}.Debug|Any CPU.Build.0 = Debug|Any CPU
		{CC732B96-4FC2-4630-BB6C-7E2A183EE89E}.Release|Any CPU.ActiveCfg = Release|Any CPU
		{CC732B96-4FC2-4630-BB6C-7E2A183EE89E}.Release|Any CPU.Build.0 = Release|Any CPU
		{6BD95130-9096-4752-9D0B-611387DA94A5}.Debug|Any CPU.ActiveCfg = Debug|Any CPU
		{6BD95130-9096-4752-9D0B-611387DA94A5}.Debug|Any CPU.Build.0 = Debug|Any CPU
		{6BD95130-9096-4752-9D0B-611387DA94A5}.Release|Any CPU.ActiveCfg = Release|Any CPU
		{6BD95130-9096-4752-9D0B-611387DA94A5}.Release|Any CPU.Build.0 = Release|Any CPU
		{4D56BD95-BB9B-484E-B28D-3588EC1205FA}.Debug|Any CPU.ActiveCfg = Debug|Any CPU
		{4D56BD95-BB9B-484E-B28D-3588EC1205FA}.Debug|Any CPU.Build.0 = Debug|Any CPU
		{4D56BD95-BB9B-484E-B28D-3588EC1205FA}.Release|Any CPU.ActiveCfg = Release|Any CPU
		{4D56BD95-BB9B-484E-B28D-3588EC1205FA}.Release|Any CPU.Build.0 = Release|Any CPU
		{193D407B-5FFB-4B78-B4C0-EDBF7DFC0712}.Debug|Any CPU.ActiveCfg = Debug|Any CPU
		{193D407B-5FFB-4B78-B4C0-EDBF7DFC0712}.Debug|Any CPU.Build.0 = Debug|Any CPU
		{193D407B-5FFB-4B78-B4C0-EDBF7DFC0712}.Release|Any CPU.ActiveCfg = Release|Any CPU
		{193D407B-5FFB-4B78-B4C0-EDBF7DFC0712}.Release|Any CPU.Build.0 = Release|Any CPU
		{C7A9FEBB-7291-4BAA-8AA6-C6C121C4382A}.Debug|Any CPU.ActiveCfg = Debug|Any CPU
		{C7A9FEBB-7291-4BAA-8AA6-C6C121C4382A}.Debug|Any CPU.Build.0 = Debug|Any CPU
		{C7A9FEBB-7291-4BAA-8AA6-C6C121C4382A}.Release|Any CPU.ActiveCfg = Release|Any CPU
		{C7A9FEBB-7291-4BAA-8AA6-C6C121C4382A}.Release|Any CPU.Build.0 = Release|Any CPU
		{4B7D03A4-90D9-4010-A5F4-5E1D51155B57}.Debug|Any CPU.ActiveCfg = Debug|Any CPU
		{4B7D03A4-90D9-4010-A5F4-5E1D51155B57}.Debug|Any CPU.Build.0 = Debug|Any CPU
		{4B7D03A4-90D9-4010-A5F4-5E1D51155B57}.Release|Any CPU.ActiveCfg = Release|Any CPU
		{4B7D03A4-90D9-4010-A5F4-5E1D51155B57}.Release|Any CPU.Build.0 = Release|Any CPU
		{B247A9B9-9903-4411-965B-F33FF23A329B}.Debug|Any CPU.ActiveCfg = Debug|Any CPU
		{B247A9B9-9903-4411-965B-F33FF23A329B}.Debug|Any CPU.Build.0 = Debug|Any CPU
		{B247A9B9-9903-4411-965B-F33FF23A329B}.Release|Any CPU.ActiveCfg = Release|Any CPU
		{B247A9B9-9903-4411-965B-F33FF23A329B}.Release|Any CPU.Build.0 = Release|Any CPU
		{A6AD1C52-AFE6-49FF-8AAB-1E6E2949D3D9}.Debug|Any CPU.ActiveCfg = Debug|Any CPU
		{A6AD1C52-AFE6-49FF-8AAB-1E6E2949D3D9}.Debug|Any CPU.Build.0 = Debug|Any CPU
		{A6AD1C52-AFE6-49FF-8AAB-1E6E2949D3D9}.Release|Any CPU.ActiveCfg = Release|Any CPU
		{A6AD1C52-AFE6-49FF-8AAB-1E6E2949D3D9}.Release|Any CPU.Build.0 = Release|Any CPU
		{F2BBE5D6-B7A2-4A26-80E8-D3E2B43BB140}.Debug|Any CPU.ActiveCfg = Debug|Any CPU
		{F2BBE5D6-B7A2-4A26-80E8-D3E2B43BB140}.Debug|Any CPU.Build.0 = Debug|Any CPU
		{F2BBE5D6-B7A2-4A26-80E8-D3E2B43BB140}.Release|Any CPU.ActiveCfg = Release|Any CPU
		{F2BBE5D6-B7A2-4A26-80E8-D3E2B43BB140}.Release|Any CPU.Build.0 = Release|Any CPU
		{24165AA1-41BB-4EFF-9D30-8334A5DF701C}.Debug|Any CPU.ActiveCfg = Debug|Any CPU
		{24165AA1-41BB-4EFF-9D30-8334A5DF701C}.Debug|Any CPU.Build.0 = Debug|Any CPU
		{24165AA1-41BB-4EFF-9D30-8334A5DF701C}.Release|Any CPU.ActiveCfg = Release|Any CPU
		{24165AA1-41BB-4EFF-9D30-8334A5DF701C}.Release|Any CPU.Build.0 = Release|Any CPU
		{0D8AE00D-E2C9-453A-B497-950D45414301}.Debug|Any CPU.ActiveCfg = Debug|Any CPU
		{0D8AE00D-E2C9-453A-B497-950D45414301}.Debug|Any CPU.Build.0 = Debug|Any CPU
		{0D8AE00D-E2C9-453A-B497-950D45414301}.Release|Any CPU.ActiveCfg = Release|Any CPU
		{0D8AE00D-E2C9-453A-B497-950D45414301}.Release|Any CPU.Build.0 = Release|Any CPU
		{CBB747AA-0A37-46EB-AF1F-0AE0AE77DE95}.Debug|Any CPU.ActiveCfg = Debug|Any CPU
		{CBB747AA-0A37-46EB-AF1F-0AE0AE77DE95}.Debug|Any CPU.Build.0 = Debug|Any CPU
		{CBB747AA-0A37-46EB-AF1F-0AE0AE77DE95}.Release|Any CPU.ActiveCfg = Release|Any CPU
		{CBB747AA-0A37-46EB-AF1F-0AE0AE77DE95}.Release|Any CPU.Build.0 = Release|Any CPU
		{B27CC116-FB71-4CD1-A2CE-B612567E9ADC}.Debug|Any CPU.ActiveCfg = Debug|Any CPU
		{B27CC116-FB71-4CD1-A2CE-B612567E9ADC}.Debug|Any CPU.Build.0 = Debug|Any CPU
		{B27CC116-FB71-4CD1-A2CE-B612567E9ADC}.Release|Any CPU.ActiveCfg = Release|Any CPU
		{B27CC116-FB71-4CD1-A2CE-B612567E9ADC}.Release|Any CPU.Build.0 = Release|Any CPU
	EndGlobalSection
	GlobalSection(SolutionProperties) = preSolution
		HideSolutionNode = FALSE
	EndGlobalSection
	GlobalSection(ExtensibilityGlobals) = postSolution
		SolutionGuid = {BE0C5181-634C-441A-AB23-D72A65AD2660}
	EndGlobalSection
EndGlobal
