
Microsoft Visual Studio Solution File, Format Version 12.00
# Visual Studio Version 17
VisualStudioVersion = 17.11.35222.181
MinimumVisualStudioVersion = 10.0.40219.1
Project("{9A19103F-16F7-4668-BE54-9A1E7A4F7556}") = "01_intro", "01_intro\01_intro.csproj", "{F2E75659-8DC3-41B6-8E84-02FF968C7D5D}"
EndProject
Project("{9A19103F-16F7-4668-BE54-9A1E7A4F7556}") = "02_Array", "02_Array\02_Array.csproj", "{3B6BFD37-2BF0-47F4-9D51-E5F6D191C9AE}"
EndProject
Project("{9A19103F-16F7-4668-BE54-9A1E7A4F7556}") = "01_dz", "01_dz\01_dz.csproj", "{CC732B96-4FC2-4630-BB6C-7E2A183EE89E}"
EndProject
Project("{9A19103F-16F7-4668-BE54-9A1E7A4F7556}") = "03_multy_Array", "03_multy_Array\03_multy_Array.csproj", "{6BD95130-9096-4752-9D0B-611387DA94A5}"
EndProject
Project("{9A19103F-16F7-4668-BE54-9A1E7A4F7556}") = "04_string", "04_string\04_string.csproj", "{4D56BD95-BB9B-484E-B28D-3588EC1205FA}"
EndProject
Project("{9A19103F-16F7-4668-BE54-9A1E7A4F7556}") = "02_Ararray_dz", "02_Ararray_dz\02_Ararray_dz.csproj", "{193D407B-5FFB-4B78-B4C0-EDBF7DFC0712}"
EndProject
Project("{9A19103F-16F7-4668-BE54-9A1E7A4F7556}") = "05_Class", "05_Class\05_Class.csproj", "{C7A9FEBB-7291-4BAA-8AA6-C6C121C4382A}"
EndProject
Project("{9A19103F-16F7-4668-BE54-9A1E7A4F7556}") = "03_dz", "03_dz\03_dz.csproj", "{4B7D03A4-90D9-4010-A5F4-5E1D51155B57}"
EndProject
Project("{9A19103F-16F7-4668-BE54-9A1E7A4F7556}") = "06_overload operators", "06_overload operators\06_overload operators.csproj", "{B247A9B9-9903-4411-965B-F33FF23A329B}"
EndProject
Project("{9A19103F-16F7-4668-BE54-9A1E7A4F7556}") = "06_operatorDZ", "06_operatorDZ\06_operatorDZ.csproj", "{A6AD1C52-AFE6-49FF-8AAB-1E6E2949D3D9}"
EndProject
Project("{9A19103F-16F7-4668-BE54-9A1E7A4F7556}") = "05_dz_class", "05_dz_class\05_dz_class.csproj", "{F2BBE5D6-B7A2-4A26-80E8-D3E2B43BB140}"
EndProject
Project("{9A19103F-16F7-4668-BE54-9A1E7A4F7556}") = "07_exeption", "07_exeption\07_exeption.csproj", "{24165AA1-41BB-4EFF-9D30-8334A5DF701C}"
EndProject
Project("{9A19103F-16F7-4668-BE54-9A1E7A4F7556}") = "07_exception_dz", "07_exception_dz\07_exception_dz.csproj", "{0D8AE00D-E2C9-453A-B497-950D45414301}"
EndProject
Project("{9A19103F-16F7-4668-BE54-9A1E7A4F7556}") = "08_Inheritance", "08_Inheritance\08_Inheritance.csproj", "{CBB747AA-0A37-46EB-AF1F-0AE0AE77DE95}"
EndProject
Project("{9A19103F-16F7-4668-BE54-9A1E7A4F7556}") = "08_interclass", "08_interclass\08_interclass.csproj", "{B27CC116-FB71-4CD1-A2CE-B612567E9ADC}"
EndProject
Project("{9A19103F-16F7-4668-BE54-9A1E7A4F7556}") = "08_interDz", "08_interDz\08_interDz.csproj", "{213CCC9B-302C-4009-8616-09EBEE166C6F}"
EndProject
Project("{9A19103F-16F7-4668-BE54-9A1E7A4F7556}") = "09_Interface", "09_Interface\09_Interface.csproj", "{E234CD30-53F5-4EE8-A639-335DE6D0D5C8}"
EndProject
Project("{9A19103F-16F7-4668-BE54-9A1E7A4F7556}") = "10_IClonable", "10_IClonable\10_IClonable.csproj", "{57F0C226-722D-4B25-A046-62AE5C373192}"
EndProject
Project("{9A19103F-16F7-4668-BE54-9A1E7A4F7556}") = "IEmunereble", "IEmunereble\IEmunereble.csproj", "{7F8CCAA6-91F6-4BB0-AC58-F571320B0889}"
EndProject
Project("{9A19103F-16F7-4668-BE54-9A1E7A4F7556}") = "10_Interface_class", "10_Interface_class\10_Interface_class.csproj", "{6F7E9B45-BB68-4034-9C73-5715DB18D685}"
EndProject
Project("{9A19103F-16F7-4668-BE54-9A1E7A4F7556}") = "11_Enum_Demo", "11_Enum_Demo\11_Enum_Demo.csproj", "{F2ADB31E-4602-4873-8DD2-F4090F096D02}"
EndProject
Project("{9A19103F-16F7-4668-BE54-9A1E7A4F7556}") = "12_Structure_demo", "12_Structure_demo\12_Structure_demo.csproj", "{913F7176-BE80-4120-8DE7-8DCACB7081AB}"
EndProject
Project("{9A19103F-16F7-4668-BE54-9A1E7A4F7556}") = "13_structure", "13_structure\13_structure.csproj", "{D5783888-CB60-4296-98F5-A19BCAC9A9D5}"
EndProject
Project("{9A19103F-16F7-4668-BE54-9A1E7A4F7556}") = "13_Structure_dz", "13_Structure_dz\13_Structure_dz.csproj", "{D651DE5F-5682-4270-9BE9-64C5F32DB354}"
EndProject
Project("{FAE04EC0-301F-11D3-BF4B-00C04F79EFBC}") = "14_Dalegate", "14_Dalegate\14_Dalegate.csproj", "{E5970C8E-185B-48B5-9B17-26F2308B473A}"
EndProject
Project("{FAE04EC0-301F-11D3-BF4B-00C04F79EFBC}") = "15_Std_Delefate", "15_Std_Delefate\15_Std_Delefate.csproj", "{3286631F-91F3-444C-8D01-7C18332F3F4E}"
EndProject
Project("{FAE04EC0-301F-11D3-BF4B-00C04F79EFBC}") = "16_Class_Delegate", "16_Class_Delegate\16_Class_Delegate.csproj", "{DB8E97C7-97D6-4CC9-91B2-3A651A8CE2D4}"
EndProject
Global
	GlobalSection(SolutionConfigurationPlatforms) = preSolution
		Debug|Any CPU = Debug|Any CPU
		Release|Any CPU = Release|Any CPU
	EndGlobalSection
	GlobalSection(ProjectConfigurationPlatforms) = postSolution
		{F2E75659-8DC3-41B6-8E84-02FF968C7D5D}.Debug|Any CPU.ActiveCfg = Debug|Any CPU
		{F2E75659-8DC3-41B6-8E84-02FF968C7D5D}.Debug|Any CPU.Build.0 = Debug|Any CPU
		{F2E75659-8DC3-41B6-8E84-02FF968C7D5D}.Release|Any CPU.ActiveCfg = Release|Any CPU
		{F2E75659-8DC3-41B6-8E84-02FF968C7D5D}.Release|Any CPU.Build.0 = Release|Any CPU
		{3B6BFD37-2BF0-47F4-9D51-E5F6D191C9AE}.Debug|Any CPU.ActiveCfg = Debug|Any CPU
		{3B6BFD37-2BF0-47F4-9D51-E5F6D191C9AE}.Debug|Any CPU.Build.0 = Debug|Any CPU
		{3B6BFD37-2BF0-47F4-9D51-E5F6D191C9AE}.Release|Any CPU.ActiveCfg = Release|Any CPU
		{3B6BFD37-2BF0-47F4-9D51-E5F6D191C9AE}.Release|Any CPU.Build.0 = Release|Any CPU
		{CC732B96-4FC2-4630-BB6C-7E2A183EE89E}.Debug|Any CPU.ActiveCfg = Debug|Any CPU
		{CC732B96-4FC2-4630-BB6C-7E2A183EE89E}.Debug|Any CPU.Build.0 = Debug|Any CPU
		{CC732B96-4FC2-4630-BB6C-7E2A183EE89E}.Release|Any CPU.ActiveCfg = Release|Any CPU
		{CC732B96-4FC2-4630-BB6C-7E2A183EE89E}.Release|Any CPU.Build.0 = Release|Any CPU
		{6BD95130-9096-4752-9D0B-611387DA94A5}.Debug|Any CPU.ActiveCfg = Debug|Any CPU
		{6BD95130-9096-4752-9D0B-611387DA94A5}.Debug|Any CPU.Build.0 = Debug|Any CPU
		{6BD95130-9096-4752-9D0B-611387DA94A5}.Release|Any CPU.ActiveCfg = Release|Any CPU
		{6BD95130-9096-4752-9D0B-611387DA94A5}.Release|Any CPU.Build.0 = Release|Any CPU
		{4D56BD95-BB9B-484E-B28D-3588EC1205FA}.Debug|Any CPU.ActiveCfg = Debug|Any CPU
		{4D56BD95-BB9B-484E-B28D-3588EC1205FA}.Debug|Any CPU.Build.0 = Debug|Any CPU
		{4D56BD95-BB9B-484E-B28D-3588EC1205FA}.Release|Any CPU.ActiveCfg = Release|Any CPU
		{4D56BD95-BB9B-484E-B28D-3588EC1205FA}.Release|Any CPU.Build.0 = Release|Any CPU
		{193D407B-5FFB-4B78-B4C0-EDBF7DFC0712}.Debug|Any CPU.ActiveCfg = Debug|Any CPU
		{193D407B-5FFB-4B78-B4C0-EDBF7DFC0712}.Debug|Any CPU.Build.0 = Debug|Any CPU
		{193D407B-5FFB-4B78-B4C0-EDBF7DFC0712}.Release|Any CPU.ActiveCfg = Release|Any CPU
		{193D407B-5FFB-4B78-B4C0-EDBF7DFC0712}.Release|Any CPU.Build.0 = Release|Any CPU
		{C7A9FEBB-7291-4BAA-8AA6-C6C121C4382A}.Debug|Any CPU.ActiveCfg = Debug|Any CPU
		{C7A9FEBB-7291-4BAA-8AA6-C6C121C4382A}.Debug|Any CPU.Build.0 = Debug|Any CPU
		{C7A9FEBB-7291-4BAA-8AA6-C6C121C4382A}.Release|Any CPU.ActiveCfg = Release|Any CPU
		{C7A9FEBB-7291-4BAA-8AA6-C6C121C4382A}.Release|Any CPU.Build.0 = Release|Any CPU
		{4B7D03A4-90D9-4010-A5F4-5E1D51155B57}.Debug|Any CPU.ActiveCfg = Debug|Any CPU
		{4B7D03A4-90D9-4010-A5F4-5E1D51155B57}.Debug|Any CPU.Build.0 = Debug|Any CPU
		{4B7D03A4-90D9-4010-A5F4-5E1D51155B57}.Release|Any CPU.ActiveCfg = Release|Any CPU
		{4B7D03A4-90D9-4010-A5F4-5E1D51155B57}.Release|Any CPU.Build.0 = Release|Any CPU
		{B247A9B9-9903-4411-965B-F33FF23A329B}.Debug|Any CPU.ActiveCfg = Debug|Any CPU
		{B247A9B9-9903-4411-965B-F33FF23A329B}.Debug|Any CPU.Build.0 = Debug|Any CPU
		{B247A9B9-9903-4411-965B-F33FF23A329B}.Release|Any CPU.ActiveCfg = Release|Any CPU
		{B247A9B9-9903-4411-965B-F33FF23A329B}.Release|Any CPU.Build.0 = Release|Any CPU
		{A6AD1C52-AFE6-49FF-8AAB-1E6E2949D3D9}.Debug|Any CPU.ActiveCfg = Debug|Any CPU
		{A6AD1C52-AFE6-49FF-8AAB-1E6E2949D3D9}.Debug|Any CPU.Build.0 = Debug|Any CPU
		{A6AD1C52-AFE6-49FF-8AAB-1E6E2949D3D9}.Release|Any CPU.ActiveCfg = Release|Any CPU
		{A6AD1C52-AFE6-49FF-8AAB-1E6E2949D3D9}.Release|Any CPU.Build.0 = Release|Any CPU
		{F2BBE5D6-B7A2-4A26-80E8-D3E2B43BB140}.Debug|Any CPU.ActiveCfg = Debug|Any CPU
		{F2BBE5D6-B7A2-4A26-80E8-D3E2B43BB140}.Debug|Any CPU.Build.0 = Debug|Any CPU
		{F2BBE5D6-B7A2-4A26-80E8-D3E2B43BB140}.Release|Any CPU.ActiveCfg = Release|Any CPU
		{F2BBE5D6-B7A2-4A26-80E8-D3E2B43BB140}.Release|Any CPU.Build.0 = Release|Any CPU
		{24165AA1-41BB-4EFF-9D30-8334A5DF701C}.Debug|Any CPU.ActiveCfg = Debug|Any CPU
		{24165AA1-41BB-4EFF-9D30-8334A5DF701C}.Debug|Any CPU.Build.0 = Debug|Any CPU
		{24165AA1-41BB-4EFF-9D30-8334A5DF701C}.Release|Any CPU.ActiveCfg = Release|Any CPU
		{24165AA1-41BB-4EFF-9D30-8334A5DF701C}.Release|Any CPU.Build.0 = Release|Any CPU
		{0D8AE00D-E2C9-453A-B497-950D45414301}.Debug|Any CPU.ActiveCfg = Debug|Any CPU
		{0D8AE00D-E2C9-453A-B497-950D45414301}.Debug|Any CPU.Build.0 = Debug|Any CPU
		{0D8AE00D-E2C9-453A-B497-950D45414301}.Release|Any CPU.ActiveCfg = Release|Any CPU
		{0D8AE00D-E2C9-453A-B497-950D45414301}.Release|Any CPU.Build.0 = Release|Any CPU
		{CBB747AA-0A37-46EB-AF1F-0AE0AE77DE95}.Debug|Any CPU.ActiveCfg = Debug|Any CPU
		{CBB747AA-0A37-46EB-AF1F-0AE0AE77DE95}.Debug|Any CPU.Build.0 = Debug|Any CPU
		{CBB747AA-0A37-46EB-AF1F-0AE0AE77DE95}.Release|Any CPU.ActiveCfg = Release|Any CPU
		{CBB747AA-0A37-46EB-AF1F-0AE0AE77DE95}.Release|Any CPU.Build.0 = Release|Any CPU
		{B27CC116-FB71-4CD1-A2CE-B612567E9ADC}.Debug|Any CPU.ActiveCfg = Debug|Any CPU
		{B27CC116-FB71-4CD1-A2CE-B612567E9ADC}.Debug|Any CPU.Build.0 = Debug|Any CPU
		{B27CC116-FB71-4CD1-A2CE-B612567E9ADC}.Release|Any CPU.ActiveCfg = Release|Any CPU
		{B27CC116-FB71-4CD1-A2CE-B612567E9ADC}.Release|Any CPU.Build.0 = Release|Any CPU
		{213CCC9B-302C-4009-8616-09EBEE166C6F}.Debug|Any CPU.ActiveCfg = Debug|Any CPU
		{213CCC9B-302C-4009-8616-09EBEE166C6F}.Debug|Any CPU.Build.0 = Debug|Any CPU
		{213CCC9B-302C-4009-8616-09EBEE166C6F}.Release|Any CPU.ActiveCfg = Release|Any CPU
		{213CCC9B-302C-4009-8616-09EBEE166C6F}.Release|Any CPU.Build.0 = Release|Any CPU
		{E234CD30-53F5-4EE8-A639-335DE6D0D5C8}.Debug|Any CPU.ActiveCfg = Debug|Any CPU
		{E234CD30-53F5-4EE8-A639-335DE6D0D5C8}.Debug|Any CPU.Build.0 = Debug|Any CPU
		{E234CD30-53F5-4EE8-A639-335DE6D0D5C8}.Release|Any CPU.ActiveCfg = Release|Any CPU
		{E234CD30-53F5-4EE8-A639-335DE6D0D5C8}.Release|Any CPU.Build.0 = Release|Any CPU
		{57F0C226-722D-4B25-A046-62AE5C373192}.Debug|Any CPU.ActiveCfg = Debug|Any CPU
		{57F0C226-722D-4B25-A046-62AE5C373192}.Debug|Any CPU.Build.0 = Debug|Any CPU
		{57F0C226-722D-4B25-A046-62AE5C373192}.Release|Any CPU.ActiveCfg = Release|Any CPU
		{57F0C226-722D-4B25-A046-62AE5C373192}.Release|Any CPU.Build.0 = Release|Any CPU
		{7F8CCAA6-91F6-4BB0-AC58-F571320B0889}.Debug|Any CPU.ActiveCfg = Debug|Any CPU
		{7F8CCAA6-91F6-4BB0-AC58-F571320B0889}.Debug|Any CPU.Build.0 = Debug|Any CPU
		{7F8CCAA6-91F6-4BB0-AC58-F571320B0889}.Release|Any CPU.ActiveCfg = Release|Any CPU
		{7F8CCAA6-91F6-4BB0-AC58-F571320B0889}.Release|Any CPU.Build.0 = Release|Any CPU
		{6F7E9B45-BB68-4034-9C73-5715DB18D685}.Debug|Any CPU.ActiveCfg = Debug|Any CPU
		{6F7E9B45-BB68-4034-9C73-5715DB18D685}.Debug|Any CPU.Build.0 = Debug|Any CPU
		{6F7E9B45-BB68-4034-9C73-5715DB18D685}.Release|Any CPU.ActiveCfg = Release|Any CPU
		{6F7E9B45-BB68-4034-9C73-5715DB18D685}.Release|Any CPU.Build.0 = Release|Any CPU
		{F2ADB31E-4602-4873-8DD2-F4090F096D02}.Debug|Any CPU.ActiveCfg = Debug|Any CPU
		{F2ADB31E-4602-4873-8DD2-F4090F096D02}.Debug|Any CPU.Build.0 = Debug|Any CPU
		{F2ADB31E-4602-4873-8DD2-F4090F096D02}.Release|Any CPU.ActiveCfg = Release|Any CPU
		{F2ADB31E-4602-4873-8DD2-F4090F096D02}.Release|Any CPU.Build.0 = Release|Any CPU
		{913F7176-BE80-4120-8DE7-8DCACB7081AB}.Debug|Any CPU.ActiveCfg = Debug|Any CPU
		{913F7176-BE80-4120-8DE7-8DCACB7081AB}.Debug|Any CPU.Build.0 = Debug|Any CPU
		{913F7176-BE80-4120-8DE7-8DCACB7081AB}.Release|Any CPU.ActiveCfg = Release|Any CPU
		{913F7176-BE80-4120-8DE7-8DCACB7081AB}.Release|Any CPU.Build.0 = Release|Any CPU
		{D5783888-CB60-4296-98F5-A19BCAC9A9D5}.Debug|Any CPU.ActiveCfg = Debug|Any CPU
		{D5783888-CB60-4296-98F5-A19BCAC9A9D5}.Debug|Any CPU.Build.0 = Debug|Any CPU
		{D5783888-CB60-4296-98F5-A19BCAC9A9D5}.Release|Any CPU.ActiveCfg = Release|Any CPU
		{D5783888-CB60-4296-98F5-A19BCAC9A9D5}.Release|Any CPU.Build.0 = Release|Any CPU
		{D651DE5F-5682-4270-9BE9-64C5F32DB354}.Debug|Any CPU.ActiveCfg = Debug|Any CPU
		{D651DE5F-5682-4270-9BE9-64C5F32DB354}.Debug|Any CPU.Build.0 = Debug|Any CPU
		{D651DE5F-5682-4270-9BE9-64C5F32DB354}.Release|Any CPU.ActiveCfg = Release|Any CPU
		{D651DE5F-5682-4270-9BE9-64C5F32DB354}.Release|Any CPU.Build.0 = Release|Any CPU
		{E5970C8E-185B-48B5-9B17-26F2308B473A}.Debug|Any CPU.ActiveCfg = Debug|Any CPU
		{E5970C8E-185B-48B5-9B17-26F2308B473A}.Debug|Any CPU.Build.0 = Debug|Any CPU
		{E5970C8E-185B-48B5-9B17-26F2308B473A}.Release|Any CPU.ActiveCfg = Release|Any CPU
		{E5970C8E-185B-48B5-9B17-26F2308B473A}.Release|Any CPU.Build.0 = Release|Any CPU
		{3286631F-91F3-444C-8D01-7C18332F3F4E}.Debug|Any CPU.ActiveCfg = Debug|Any CPU
		{3286631F-91F3-444C-8D01-7C18332F3F4E}.Debug|Any CPU.Build.0 = Debug|Any CPU
		{3286631F-91F3-444C-8D01-7C18332F3F4E}.Release|Any CPU.ActiveCfg = Release|Any CPU
		{3286631F-91F3-444C-8D01-7C18332F3F4E}.Release|Any CPU.Build.0 = Release|Any CPU
		{DB8E97C7-97D6-4CC9-91B2-3A651A8CE2D4}.Debug|Any CPU.ActiveCfg = Debug|Any CPU
		{DB8E97C7-97D6-4CC9-91B2-3A651A8CE2D4}.Debug|Any CPU.Build.0 = Debug|Any CPU
		{DB8E97C7-97D6-4CC9-91B2-3A651A8CE2D4}.Release|Any CPU.ActiveCfg = Release|Any CPU
		{DB8E97C7-97D6-4CC9-91B2-3A651A8CE2D4}.Release|Any CPU.Build.0 = Release|Any CPU
	EndGlobalSection
	GlobalSection(SolutionProperties) = preSolution
		HideSolutionNode = FALSE
	EndGlobalSection
	GlobalSection(ExtensibilityGlobals) = postSolution
		SolutionGuid = {BE0C5181-634C-441A-AB23-D72A65AD2660}
	EndGlobalSection
EndGlobal
